
Microsoft Visual Studio Solution File, Format Version 12.00
# Visual Studio Version 17
VisualStudioVersion = 17.14.36930.0 d17.14
MinimumVisualStudioVersion = 10.0.40219.1
Project("{FAE04EC0-301F-11D3-BF4B-00C04F79EFBC}") = "OrderTracking.API", "OrderTracking.API\OrderTracking.API.csproj", "{7516064C-D18D-4C89-84DA-24B1F08D4665}"
EndProject
Global
	GlobalSection(SolutionConfigurationPlatforms) = preSolution
		Debug|Any CPU = Debug|Any CPU
		Release|Any CPU = Release|Any CPU
	EndGlobalSection
	GlobalSection(ProjectConfigurationPlatforms) = postSolution
		{7516064C-D18D-4C89-84DA-24B1F08D4665}.Debug|Any CPU.ActiveCfg = Debug|Any CPU
		{7516064C-D18D-4C89-84DA-24B1F08D4665}.Debug|Any CPU.Build.0 = Debug|Any CPU
		{7516064C-D18D-4C89-84DA-24B1F08D4665}.Release|Any CPU.ActiveCfg = Release|Any CPU
		{7516064C-D18D-4C89-84DA-24B1F08D4665}.Release|Any CPU.Build.0 = Release|Any CPU
	EndGlobalSection
	GlobalSection(SolutionProperties) = preSolution
		HideSolutionNode = FALSE
	EndGlobalSection
	GlobalSection(ExtensibilityGlobals) = postSolution
		SolutionGuid = {BB14D970-D4F0-43B5-9E7C-2BA664FE65AA}
	EndGlobalSection
EndGlobal
